
Microsoft Visual Studio Solution File, Format Version 12.00
# Visual Studio Version 17
VisualStudioVersion = 17.3.32922.545
MinimumVisualStudioVersion = 10.0.40219.1
Project("{FAE04EC0-301F-11D3-BF4B-00C04F79EFBC}") = "Exercícios cobaias", "Exercícios cobaias\Exercícios cobaias.csproj", "{4AC3B744-D19D-4A57-8244-CAC97C22B290}"
EndProject
Global
	GlobalSection(SolutionConfigurationPlatforms) = preSolution
		Debug|Any CPU = Debug|Any CPU
		Release|Any CPU = Release|Any CPU
	EndGlobalSection
	GlobalSection(ProjectConfigurationPlatforms) = postSolution
		{4AC3B744-D19D-4A57-8244-CAC97C22B290}.Debug|Any CPU.ActiveCfg = Debug|Any CPU
		{4AC3B744-D19D-4A57-8244-CAC97C22B290}.Debug|Any CPU.Build.0 = Debug|Any CPU
		{4AC3B744-D19D-4A57-8244-CAC97C22B290}.Release|Any CPU.ActiveCfg = Release|Any CPU
		{4AC3B744-D19D-4A57-8244-CAC97C22B290}.Release|Any CPU.Build.0 = Release|Any CPU
	EndGlobalSection
	GlobalSection(SolutionProperties) = preSolution
		HideSolutionNode = FALSE
	EndGlobalSection
	GlobalSection(ExtensibilityGlobals) = postSolution
		SolutionGuid = {64175875-AEBF-4CAE-944C-16B111369465}
	EndGlobalSection
EndGlobal
